
Microsoft Visual Studio Solution File, Format Version 12.00
Project("{FAE04EC0-301F-11D3-BF4B-00C04F79EFBC}") = "Domain", "Domain\Domain.csproj", "{7F22304C-6B77-4E34-BF49-C1CD8E63F5C5}"
EndProject
Project("{FAE04EC0-301F-11D3-BF4B-00C04F79EFBC}") = "Application", "Application\Application.csproj", "{1B36E028-F8D6-4372-9122-91DA5B37845B}"
EndProject
Project("{FAE04EC0-301F-11D3-BF4B-00C04F79EFBC}") = "Api", "Api\Api.csproj", "{98F40C81-F084-4FE5-9537-5737CADE879D}"
EndProject
Project("{2150E333-8FDC-42A3-9474-1A3956D46DE8}") = "src", "src", "{75F20233-412F-4AE4-BE24-91808765E48F}"
EndProject
Project("{2150E333-8FDC-42A3-9474-1A3956D46DE8}") = "tests", "tests", "{45852107-D06D-47E4-9E15-16E852D67130}"
EndProject
Project("{2150E333-8FDC-42A3-9474-1A3956D46DE8}") = "core", "core", "{EF170DE4-F387-4B34-A68F-766A14F63832}"
EndProject
Project("{2150E333-8FDC-42A3-9474-1A3956D46DE8}") = "infrastructure", "infrastructure", "{773EFD80-D003-45B2-A0D1-6BA2B3BCF32C}"
EndProject
Project("{2150E333-8FDC-42A3-9474-1A3956D46DE8}") = "presentation", "presentation", "{52DC8B00-2B71-48CF-9D76-A5D7F4083125}"
EndProject
Project("{FAE04EC0-301F-11D3-BF4B-00C04F79EFBC}") = "UnitTests", "UnitTests\UnitTests.csproj", "{C558F1DA-4F6D-47DD-92B3-0DE89CC1D271}"
EndProject
Project("{FAE04EC0-301F-11D3-BF4B-00C04F79EFBC}") = "IntegrationTests", "IntegrationTests\IntegrationTests.csproj", "{FFD3F640-C454-4AAE-B2C2-7897FEDA93D1}"
EndProject
Project("{FAE04EC0-301F-11D3-BF4B-00C04F79EFBC}") = "Application.Contracts", "Application.Contracts\Application.Contracts.csproj", "{E150306E-0B14-4C65-9881-D88288A0BF15}"
EndProject
Project("{FAE04EC0-301F-11D3-BF4B-00C04F79EFBC}") = "Api.Models", "Api.Models\Api.Models.csproj", "{8359E848-68BA-4741-ADE1-77BB89E214F6}"
EndProject
Project("{FAE04EC0-301F-11D3-BF4B-00C04F79EFBC}") = "Web", "Web\Web.csproj", "{7828A44E-DD9E-4449-9DDE-3A7E5E182980}"
EndProject
Global
	GlobalSection(SolutionConfigurationPlatforms) = preSolution
		Debug|Any CPU = Debug|Any CPU
		Release|Any CPU = Release|Any CPU
	EndGlobalSection
	GlobalSection(ProjectConfigurationPlatforms) = postSolution
		{7F22304C-6B77-4E34-BF49-C1CD8E63F5C5}.Debug|Any CPU.ActiveCfg = Debug|Any CPU
		{7F22304C-6B77-4E34-BF49-C1CD8E63F5C5}.Debug|Any CPU.Build.0 = Debug|Any CPU
		{7F22304C-6B77-4E34-BF49-C1CD8E63F5C5}.Release|Any CPU.ActiveCfg = Release|Any CPU
		{7F22304C-6B77-4E34-BF49-C1CD8E63F5C5}.Release|Any CPU.Build.0 = Release|Any CPU
		{1B36E028-F8D6-4372-9122-91DA5B37845B}.Debug|Any CPU.ActiveCfg = Debug|Any CPU
		{1B36E028-F8D6-4372-9122-91DA5B37845B}.Debug|Any CPU.Build.0 = Debug|Any CPU
		{1B36E028-F8D6-4372-9122-91DA5B37845B}.Release|Any CPU.ActiveCfg = Release|Any CPU
		{1B36E028-F8D6-4372-9122-91DA5B37845B}.Release|Any CPU.Build.0 = Release|Any CPU
		{98F40C81-F084-4FE5-9537-5737CADE879D}.Debug|Any CPU.ActiveCfg = Debug|Any CPU
		{98F40C81-F084-4FE5-9537-5737CADE879D}.Debug|Any CPU.Build.0 = Debug|Any CPU
		{98F40C81-F084-4FE5-9537-5737CADE879D}.Release|Any CPU.ActiveCfg = Release|Any CPU
		{98F40C81-F084-4FE5-9537-5737CADE879D}.Release|Any CPU.Build.0 = Release|Any CPU
		{C558F1DA-4F6D-47DD-92B3-0DE89CC1D271}.Debug|Any CPU.ActiveCfg = Debug|Any CPU
		{C558F1DA-4F6D-47DD-92B3-0DE89CC1D271}.Debug|Any CPU.Build.0 = Debug|Any CPU
		{C558F1DA-4F6D-47DD-92B3-0DE89CC1D271}.Release|Any CPU.ActiveCfg = Release|Any CPU
		{C558F1DA-4F6D-47DD-92B3-0DE89CC1D271}.Release|Any CPU.Build.0 = Release|Any CPU
		{FFD3F640-C454-4AAE-B2C2-7897FEDA93D1}.Debug|Any CPU.ActiveCfg = Debug|Any CPU
		{FFD3F640-C454-4AAE-B2C2-7897FEDA93D1}.Debug|Any CPU.Build.0 = Debug|Any CPU
		{FFD3F640-C454-4AAE-B2C2-7897FEDA93D1}.Release|Any CPU.ActiveCfg = Release|Any CPU
		{FFD3F640-C454-4AAE-B2C2-7897FEDA93D1}.Release|Any CPU.Build.0 = Release|Any CPU
		{E150306E-0B14-4C65-9881-D88288A0BF15}.Debug|Any CPU.ActiveCfg = Debug|Any CPU
		{E150306E-0B14-4C65-9881-D88288A0BF15}.Debug|Any CPU.Build.0 = Debug|Any CPU
		{E150306E-0B14-4C65-9881-D88288A0BF15}.Release|Any CPU.ActiveCfg = Release|Any CPU
		{E150306E-0B14-4C65-9881-D88288A0BF15}.Release|Any CPU.Build.0 = Release|Any CPU
		{8359E848-68BA-4741-ADE1-77BB89E214F6}.Debug|Any CPU.ActiveCfg = Debug|Any CPU
		{8359E848-68BA-4741-ADE1-77BB89E214F6}.Debug|Any CPU.Build.0 = Debug|Any CPU
		{8359E848-68BA-4741-ADE1-77BB89E214F6}.Release|Any CPU.ActiveCfg = Release|Any CPU
		{8359E848-68BA-4741-ADE1-77BB89E214F6}.Release|Any CPU.Build.0 = Release|Any CPU
		{7828A44E-DD9E-4449-9DDE-3A7E5E182980}.Debug|Any CPU.ActiveCfg = Debug|Any CPU
		{7828A44E-DD9E-4449-9DDE-3A7E5E182980}.Debug|Any CPU.Build.0 = Debug|Any CPU
		{7828A44E-DD9E-4449-9DDE-3A7E5E182980}.Release|Any CPU.ActiveCfg = Release|Any CPU
		{7828A44E-DD9E-4449-9DDE-3A7E5E182980}.Release|Any CPU.Build.0 = Release|Any CPU
	EndGlobalSection
	GlobalSection(NestedProjects) = preSolution
		{EF170DE4-F387-4B34-A68F-766A14F63832} = {75F20233-412F-4AE4-BE24-91808765E48F}
		{773EFD80-D003-45B2-A0D1-6BA2B3BCF32C} = {75F20233-412F-4AE4-BE24-91808765E48F}
		{52DC8B00-2B71-48CF-9D76-A5D7F4083125} = {75F20233-412F-4AE4-BE24-91808765E48F}
		{98F40C81-F084-4FE5-9537-5737CADE879D} = {52DC8B00-2B71-48CF-9D76-A5D7F4083125}
		{1B36E028-F8D6-4372-9122-91DA5B37845B} = {EF170DE4-F387-4B34-A68F-766A14F63832}
		{7F22304C-6B77-4E34-BF49-C1CD8E63F5C5} = {EF170DE4-F387-4B34-A68F-766A14F63832}
		{C558F1DA-4F6D-47DD-92B3-0DE89CC1D271} = {45852107-D06D-47E4-9E15-16E852D67130}
		{FFD3F640-C454-4AAE-B2C2-7897FEDA93D1} = {45852107-D06D-47E4-9E15-16E852D67130}
		{E150306E-0B14-4C65-9881-D88288A0BF15} = {EF170DE4-F387-4B34-A68F-766A14F63832}
		{8359E848-68BA-4741-ADE1-77BB89E214F6} = {52DC8B00-2B71-48CF-9D76-A5D7F4083125}
		{7828A44E-DD9E-4449-9DDE-3A7E5E182980} = {52DC8B00-2B71-48CF-9D76-A5D7F4083125}
	EndGlobalSection
EndGlobal
